<Solution>
  <Project Path="SALONBELLEZA.API/SALONBELLEZA.API.csproj" />
  <Project Path="SALONBELLEZA.CORE/SALONBELLEZA.CORE.csproj" />
  <Project Path="SALONBELLEZA.INFRASTRUCTURE/SALONBELLEZA.INFRASTRUCTURE.csproj" />
  <Project Path="SALONBELLEZA.SHARED/SALONBELLEZA.SHARED.csproj" />
  <Project Path="SALONBELLEZA.TEST/SALONBELLEZA.TEST.csproj" />
</Solution>
